<?xml version="1.0" encoding="utf-8"?>
<Project ToolsVersion="4.0" xmlns="http://schemas.microsoft.com/developer/msbuild/2003">
  <ItemGroup>
    <Filter Include="Source Files">
      <UniqueIdentifier>eaff5dda-26be-4adc-a812-b13b9626cdca</UniqueIdentifier>
      <Extensions>cpp;c;cc;cxx;def;odl;idl;hpj;bat;asm;asmx</Extensions>
    </Filter>
    <Filter Include="Header Files">
      <UniqueIdentifier>70f5d5b4-2eda-4c90-b429-bd04b21c9660</UniqueIdentifier>
      <Extensions>h;hpp;hxx;hm;inl;inc;xsd</Extensions>
    </Filter>
    <Filter Include="Resource Files">
      <UniqueIdentifier>0e45e2e2-07f9-48be-abe6-0043eb5e33cb</UniqueIdentifier>
      <Extensions>rc;ico;cur;bmp;dlg;rc2;rct;bin;rgs;gif;jpg;jpeg;jpe;resx;tiff;tif;png;wav;mfcribbon-ms</Extensions>
    </Filter>
    <Filter Include="Package">
      <UniqueIdentifier>85f4583d-92a7-42e4-8252-4c7a689edaac</UniqueIdentifier>
      <Extensions>appxmanifest;tile;settings</Extensions>
    </Filter>
  </ItemGroup>
  <ItemGroup>
    <ClInclude Include="pch.h">
      <Filter>Header Files</Filter>
    </ClInclude>
    <ClInclude Include="targetver.h">
      <Filter>Header Files</Filter>
    </ClInclude>
  </ItemGroup>
  <ItemGroup>
    <ClCompile Include="pch.cpp">
      <Filter>Source Files</Filter>
    </ClCompile>
    <ClCompile Include="LifetimeCheckerTests.cpp">
      <Filter>Source Files</Filter>
    </ClCompile>
    <ClCompile Include="WhileAsyncTest.cpp">
      <Filter>Source Files</Filter>
    </ClCompile>
    <ClCompile Include="ForAsyncTest.cpp">
      <Filter>Source Files</Filter>
    </ClCompile>
  </ItemGroup>
  <ItemGroup>
    <Image Include="Images\UnitTestLogo.png">
      <Filter>Resource Files</Filter>
    </Image>
    <Image Include="Images\UnitTestSmallLogo.png">
      <Filter>Resource Files</Filter>
    </Image>
    <Image Include="Images\UnitTestSplashScreen.png">
      <Filter>Resource Files</Filter>
    </Image>
    <Image Include="Images\UnitTestStoreLogo.png">
      <Filter>Resource Files</Filter>
    </Image>
  </ItemGroup>
  <ItemGroup>
    <AppxManifest Include="Package.appxmanifest">
      <Filter>Package</Filter>
    </AppxManifest>
  </ItemGroup>
  <ItemGroup>
    <None Include="Tests.WindowsStore_TemporaryKey.pfx" />
  </ItemGroup>
</Project>